
Microsoft Visual Studio Solution File, Format Version 12.00
# Visual Studio Version 17
VisualStudioVersion = 17.11.35208.52
MinimumVisualStudioVersion = 10.0.40219.1
Project("{9A19103F-16F7-4668-BE54-9A1E7A4F7556}") = "DemoConsola", "DemoConsola\DemoConsola.csproj", "{F7585B28-88FE-4C8E-84A6-74F1F9497472}"
EndProject
Project("{9A19103F-16F7-4668-BE54-9A1E7A4F7556}") = "DemoConsolaAvanzado", "DemoConsolaAvanzado\DemoConsolaAvanzado.csproj", "{3E70A96D-31A1-40BB-8827-7691A7D294ED}"
EndProject
Project("{9A19103F-16F7-4668-BE54-9A1E7A4F7556}") = "DemoBiblioteca", "DemoBiblioteca\DemoBiblioteca.csproj", "{0A2C9B50-FC34-4A88-BD9F-FB3ECB603AA0}"
EndProject
Project("{FAE04EC0-301F-11D3-BF4B-00C04F79EFBC}") = "DemoPruebaUnitaria", "DemoPruebaUnitaria\DemoPruebaUnitaria.csproj", "{395B0F43-9889-4CF6-B422-BA2A9C3EB698}"
EndProject
Global
	GlobalSection(SolutionConfigurationPlatforms) = preSolution
		Debug|Any CPU = Debug|Any CPU
		Release|Any CPU = Release|Any CPU
	EndGlobalSection
	GlobalSection(ProjectConfigurationPlatforms) = postSolution
		{F7585B28-88FE-4C8E-84A6-74F1F9497472}.Debug|Any CPU.ActiveCfg = Debug|Any CPU
		{F7585B28-88FE-4C8E-84A6-74F1F9497472}.Debug|Any CPU.Build.0 = Debug|Any CPU
		{F7585B28-88FE-4C8E-84A6-74F1F9497472}.Release|Any CPU.ActiveCfg = Release|Any CPU
		{F7585B28-88FE-4C8E-84A6-74F1F9497472}.Release|Any CPU.Build.0 = Release|Any CPU
		{3E70A96D-31A1-40BB-8827-7691A7D294ED}.Debug|Any CPU.ActiveCfg = Debug|Any CPU
		{3E70A96D-31A1-40BB-8827-7691A7D294ED}.Debug|Any CPU.Build.0 = Debug|Any CPU
		{3E70A96D-31A1-40BB-8827-7691A7D294ED}.Release|Any CPU.ActiveCfg = Release|Any CPU
		{3E70A96D-31A1-40BB-8827-7691A7D294ED}.Release|Any CPU.Build.0 = Release|Any CPU
		{0A2C9B50-FC34-4A88-BD9F-FB3ECB603AA0}.Debug|Any CPU.ActiveCfg = Debug|Any CPU
		{0A2C9B50-FC34-4A88-BD9F-FB3ECB603AA0}.Debug|Any CPU.Build.0 = Debug|Any CPU
		{0A2C9B50-FC34-4A88-BD9F-FB3ECB603AA0}.Release|Any CPU.ActiveCfg = Release|Any CPU
		{0A2C9B50-FC34-4A88-BD9F-FB3ECB603AA0}.Release|Any CPU.Build.0 = Release|Any CPU
		{395B0F43-9889-4CF6-B422-BA2A9C3EB698}.Debug|Any CPU.ActiveCfg = Debug|Any CPU
		{395B0F43-9889-4CF6-B422-BA2A9C3EB698}.Debug|Any CPU.Build.0 = Debug|Any CPU
		{395B0F43-9889-4CF6-B422-BA2A9C3EB698}.Release|Any CPU.ActiveCfg = Release|Any CPU
		{395B0F43-9889-4CF6-B422-BA2A9C3EB698}.Release|Any CPU.Build.0 = Release|Any CPU
	EndGlobalSection
	GlobalSection(SolutionProperties) = preSolution
		HideSolutionNode = FALSE
	EndGlobalSection
	GlobalSection(ExtensibilityGlobals) = postSolution
		SolutionGuid = {2E582FEC-EA7C-442E-AF77-3CB4DEA75606}
	EndGlobalSection
EndGlobal
